
Microsoft Visual Studio Solution File, Format Version 12.00
# Visual Studio Version 16
VisualStudioVersion = 16.0.31105.61
MinimumVisualStudioVersion = 10.0.40219.1
Project("{FAE04EC0-301F-11D3-BF4B-00C04F79EFBC}") = "WinFormsApp4", "WinFormsApp4.csproj", "{6242F2C8-CC8C-42F6-A173-8539906A7254}"
EndProject
Global
	GlobalSection(SolutionConfigurationPlatforms) = preSolution
		Debug|Any CPU = Debug|Any CPU
		Release|Any CPU = Release|Any CPU
	EndGlobalSection
	GlobalSection(ProjectConfigurationPlatforms) = postSolution
		{6242F2C8-CC8C-42F6-A173-8539906A7254}.Debug|Any CPU.ActiveCfg = Debug|Any CPU
		{6242F2C8-CC8C-42F6-A173-8539906A7254}.Debug|Any CPU.Build.0 = Debug|Any CPU
		{6242F2C8-CC8C-42F6-A173-8539906A7254}.Release|Any CPU.ActiveCfg = Release|Any CPU
		{6242F2C8-CC8C-42F6-A173-8539906A7254}.Release|Any CPU.Build.0 = Release|Any CPU
	EndGlobalSection
	GlobalSection(SolutionProperties) = preSolution
		HideSolutionNode = FALSE
	EndGlobalSection
	GlobalSection(ExtensibilityGlobals) = postSolution
		SolutionGuid = {4A406552-9E73-4E53-9335-E8EDB9E7A03E}
	EndGlobalSection
EndGlobal
